
Microsoft Visual Studio Solution File, Format Version 12.00
# Visual Studio Version 17
VisualStudioVersion = 17.2.32516.85
MinimumVisualStudioVersion = 10.0.40219.1
Project("{FAE04EC0-301F-11D3-BF4B-00C04F79EFBC}") = "Gerenciador_de_estoque.UWP", "Gerenciador_de_estoque\Gerenciador_de_estoque.UWP\Gerenciador_de_estoque.UWP.csproj", "{E89A6A6F-C456-428A-AF84-058536F27FFD}"
EndProject
Project("{FAE04EC0-301F-11D3-BF4B-00C04F79EFBC}") = "Gerenciador_de_estoque.Android", "Gerenciador_de_estoque\Gerenciador_de_estoque.Android\Gerenciador_de_estoque.Android.csproj", "{3C3CEE72-83AC-4311-92C7-A84A86937CA3}"
EndProject
Project("{FAE04EC0-301F-11D3-BF4B-00C04F79EFBC}") = "Gerenciador_de_estoque.iOS", "Gerenciador_de_estoque\Gerenciador_de_estoque.iOS\Gerenciador_de_estoque.iOS.csproj", "{7B69F444-AE0B-4318-8A8C-78E2CAB08EDC}"
EndProject
Project("{9A19103F-16F7-4668-BE54-9A1E7A4F7556}") = "Gerenciador_de_estoque", "Gerenciador_de_estoque\Gerenciador_de_estoque\Gerenciador_de_estoque.csproj", "{251BEAF4-A3F3-4BF9-AF4F-D57CFDD3E5C6}"
EndProject
Global
	GlobalSection(SolutionConfigurationPlatforms) = preSolution
		Debug|Any CPU = Debug|Any CPU
		Debug|ARM = Debug|ARM
		Debug|iPhone = Debug|iPhone
		Debug|iPhoneSimulator = Debug|iPhoneSimulator
		Debug|x64 = Debug|x64
		Debug|x86 = Debug|x86
		Release|Any CPU = Release|Any CPU
		Release|ARM = Release|ARM
		Release|iPhone = Release|iPhone
		Release|iPhoneSimulator = Release|iPhoneSimulator
		Release|x64 = Release|x64
		Release|x86 = Release|x86
	EndGlobalSection
	GlobalSection(ProjectConfigurationPlatforms) = postSolution
		{E89A6A6F-C456-428A-AF84-058536F27FFD}.Debug|Any CPU.ActiveCfg = Debug|x64
		{E89A6A6F-C456-428A-AF84-058536F27FFD}.Debug|Any CPU.Build.0 = Debug|x64
		{E89A6A6F-C456-428A-AF84-058536F27FFD}.Debug|Any CPU.Deploy.0 = Debug|x64
		{E89A6A6F-C456-428A-AF84-058536F27FFD}.Debug|ARM.ActiveCfg = Debug|ARM
		{E89A6A6F-C456-428A-AF84-058536F27FFD}.Debug|ARM.Build.0 = Debug|ARM
		{E89A6A6F-C456-428A-AF84-058536F27FFD}.Debug|ARM.Deploy.0 = Debug|ARM
		{E89A6A6F-C456-428A-AF84-058536F27FFD}.Debug|iPhone.ActiveCfg = Debug|x64
		{E89A6A6F-C456-428A-AF84-058536F27FFD}.Debug|iPhone.Build.0 = Debug|x64
		{E89A6A6F-C456-428A-AF84-058536F27FFD}.Debug|iPhone.Deploy.0 = Debug|x64
		{E89A6A6F-C456-428A-AF84-058536F27FFD}.Debug|iPhoneSimulator.ActiveCfg = Debug|x64
		{E89A6A6F-C456-428A-AF84-058536F27FFD}.Debug|iPhoneSimulator.Build.0 = Debug|x64
		{E89A6A6F-C456-428A-AF84-058536F27FFD}.Debug|iPhoneSimulator.Deploy.0 = Debug|x64
		{E89A6A6F-C456-428A-AF84-058536F27FFD}.Debug|x64.ActiveCfg = Debug|x64
		{E89A6A6F-C456-428A-AF84-058536F27FFD}.Debug|x64.Build.0 = Debug|x64
		{E89A6A6F-C456-428A-AF84-058536F27FFD}.Debug|x64.Deploy.0 = Debug|x64
		{E89A6A6F-C456-428A-AF84-058536F27FFD}.Debug|x86.ActiveCfg = Debug|x86
		{E89A6A6F-C456-428A-AF84-058536F27FFD}.Debug|x86.Build.0 = Debug|x86
		{E89A6A6F-C456-428A-AF84-058536F27FFD}.Debug|x86.Deploy.0 = Debug|x86
		{E89A6A6F-C456-428A-AF84-058536F27FFD}.Release|Any CPU.ActiveCfg = Release|x64
		{E89A6A6F-C456-428A-AF84-058536F27FFD}.Release|Any CPU.Build.0 = Release|x64
		{E89A6A6F-C456-428A-AF84-058536F27FFD}.Release|Any CPU.Deploy.0 = Release|x64
		{E89A6A6F-C456-428A-AF84-058536F27FFD}.Release|ARM.ActiveCfg = Release|ARM
		{E89A6A6F-C456-428A-AF84-058536F27FFD}.Release|ARM.Build.0 = Release|ARM
		{E89A6A6F-C456-428A-AF84-058536F27FFD}.Release|ARM.Deploy.0 = Release|ARM
		{E89A6A6F-C456-428A-AF84-058536F27FFD}.Release|iPhone.ActiveCfg = Release|x64
		{E89A6A6F-C456-428A-AF84-058536F27FFD}.Release|iPhone.Build.0 = Release|x64
		{E89A6A6F-C456-428A-AF84-058536F27FFD}.Release|iPhone.Deploy.0 = Release|x64
		{E89A6A6F-C456-428A-AF84-058536F27FFD}.Release|iPhoneSimulator.ActiveCfg = Release|x64
		{E89A6A6F-C456-428A-AF84-058536F27FFD}.Release|iPhoneSimulator.Build.0 = Release|x64
		{E89A6A6F-C456-428A-AF84-058536F27FFD}.Release|iPhoneSimulator.Deploy.0 = Release|x64
		{E89A6A6F-C456-428A-AF84-058536F27FFD}.Release|x64.ActiveCfg = Release|x64
		{E89A6A6F-C456-428A-AF84-058536F27FFD}.Release|x64.Build.0 = Release|x64
		{E89A6A6F-C456-428A-AF84-058536F27FFD}.Release|x64.Deploy.0 = Release|x64
		{E89A6A6F-C456-428A-AF84-058536F27FFD}.Release|x86.ActiveCfg = Release|x86
		{E89A6A6F-C456-428A-AF84-058536F27FFD}.Release|x86.Build.0 = Release|x86
		{E89A6A6F-C456-428A-AF84-058536F27FFD}.Release|x86.Deploy.0 = Release|x86
		{3C3CEE72-83AC-4311-92C7-A84A86937CA3}.Debug|Any CPU.ActiveCfg = Debug|Any CPU
		{3C3CEE72-83AC-4311-92C7-A84A86937CA3}.Debug|Any CPU.Build.0 = Debug|Any CPU
		{3C3CEE72-83AC-4311-92C7-A84A86937CA3}.Debug|Any CPU.Deploy.0 = Debug|Any CPU
		{3C3CEE72-83AC-4311-92C7-A84A86937CA3}.Debug|ARM.ActiveCfg = Debug|Any CPU
		{3C3CEE72-83AC-4311-92C7-A84A86937CA3}.Debug|ARM.Build.0 = Debug|Any CPU
		{3C3CEE72-83AC-4311-92C7-A84A86937CA3}.Debug|ARM.Deploy.0 = Debug|Any CPU
		{3C3CEE72-83AC-4311-92C7-A84A86937CA3}.Debug|iPhone.ActiveCfg = Debug|Any CPU
		{3C3CEE72-83AC-4311-92C7-A84A86937CA3}.Debug|iPhone.Build.0 = Debug|Any CPU
		{3C3CEE72-83AC-4311-92C7-A84A86937CA3}.Debug|iPhone.Deploy.0 = Debug|Any CPU
		{3C3CEE72-83AC-4311-92C7-A84A86937CA3}.Debug|iPhoneSimulator.ActiveCfg = Debug|Any CPU
		{3C3CEE72-83AC-4311-92C7-A84A86937CA3}.Debug|iPhoneSimulator.Build.0 = Debug|Any CPU
		{3C3CEE72-83AC-4311-92C7-A84A86937CA3}.Debug|iPhoneSimulator.Deploy.0 = Debug|Any CPU
		{3C3CEE72-83AC-4311-92C7-A84A86937CA3}.Debug|x64.ActiveCfg = Debug|Any CPU
		{3C3CEE72-83AC-4311-92C7-A84A86937CA3}.Debug|x64.Build.0 = Debug|Any CPU
		{3C3CEE72-83AC-4311-92C7-A84A86937CA3}.Debug|x64.Deploy.0 = Debug|Any CPU
		{3C3CEE72-83AC-4311-92C7-A84A86937CA3}.Debug|x86.ActiveCfg = Debug|Any CPU
		{3C3CEE72-83AC-4311-92C7-A84A86937CA3}.Debug|x86.Build.0 = Debug|Any CPU
		{3C3CEE72-83AC-4311-92C7-A84A86937CA3}.Debug|x86.Deploy.0 = Debug|Any CPU
		{3C3CEE72-83AC-4311-92C7-A84A86937CA3}.Release|Any CPU.ActiveCfg = Release|Any CPU
		{3C3CEE72-83AC-4311-92C7-A84A86937CA3}.Release|Any CPU.Build.0 = Release|Any CPU
		{3C3CEE72-83AC-4311-92C7-A84A86937CA3}.Release|Any CPU.Deploy.0 = Release|Any CPU
		{3C3CEE72-83AC-4311-92C7-A84A86937CA3}.Release|ARM.ActiveCfg = Release|Any CPU
		{3C3CEE72-83AC-4311-92C7-A84A86937CA3}.Release|ARM.Build.0 = Release|Any CPU
		{3C3CEE72-83AC-4311-92C7-A84A86937CA3}.Release|ARM.Deploy.0 = Release|Any CPU
		{3C3CEE72-83AC-4311-92C7-A84A86937CA3}.Release|iPhone.ActiveCfg = Release|Any CPU
		{3C3CEE72-83AC-4311-92C7-A84A86937CA3}.Release|iPhone.Build.0 = Release|Any CPU
		{3C3CEE72-83AC-4311-92C7-A84A86937CA3}.Release|iPhone.Deploy.0 = Release|Any CPU
		{3C3CEE72-83AC-4311-92C7-A84A86937CA3}.Release|iPhoneSimulator.ActiveCfg = Release|Any CPU
		{3C3CEE72-83AC-4311-92C7-A84A86937CA3}.Release|iPhoneSimulator.Build.0 = Release|Any CPU
		{3C3CEE72-83AC-4311-92C7-A84A86937CA3}.Release|iPhoneSimulator.Deploy.0 = Release|Any CPU
		{3C3CEE72-83AC-4311-92C7-A84A86937CA3}.Release|x64.ActiveCfg = Release|Any CPU
		{3C3CEE72-83AC-4311-92C7-A84A86937CA3}.Release|x64.Build.0 = Release|Any CPU
		{3C3CEE72-83AC-4311-92C7-A84A86937CA3}.Release|x64.Deploy.0 = Release|Any CPU
		{3C3CEE72-83AC-4311-92C7-A84A86937CA3}.Release|x86.ActiveCfg = Release|Any CPU
		{3C3CEE72-83AC-4311-92C7-A84A86937CA3}.Release|x86.Build.0 = Release|Any CPU
		{3C3CEE72-83AC-4311-92C7-A84A86937CA3}.Release|x86.Deploy.0 = Release|Any CPU
		{7B69F444-AE0B-4318-8A8C-78E2CAB08EDC}.Debug|Any CPU.ActiveCfg = Debug|iPhoneSimulator
		{7B69F444-AE0B-4318-8A8C-78E2CAB08EDC}.Debug|Any CPU.Build.0 = Debug|iPhoneSimulator
		{7B69F444-AE0B-4318-8A8C-78E2CAB08EDC}.Debug|Any CPU.Deploy.0 = Debug|iPhoneSimulator
		{7B69F444-AE0B-4318-8A8C-78E2CAB08EDC}.Debug|ARM.ActiveCfg = Debug|iPhoneSimulator
		{7B69F444-AE0B-4318-8A8C-78E2CAB08EDC}.Debug|ARM.Build.0 = Debug|iPhoneSimulator
		{7B69F444-AE0B-4318-8A8C-78E2CAB08EDC}.Debug|ARM.Deploy.0 = Debug|iPhoneSimulator
		{7B69F444-AE0B-4318-8A8C-78E2CAB08EDC}.Debug|iPhone.ActiveCfg = Debug|iPhone
		{7B69F444-AE0B-4318-8A8C-78E2CAB08EDC}.Debug|iPhone.Build.0 = Debug|iPhone
		{7B69F444-AE0B-4318-8A8C-78E2CAB08EDC}.Debug|iPhone.Deploy.0 = Debug|iPhone
		{7B69F444-AE0B-4318-8A8C-78E2CAB08EDC}.Debug|iPhoneSimulator.ActiveCfg = Debug|iPhoneSimulator
		{7B69F444-AE0B-4318-8A8C-78E2CAB08EDC}.Debug|iPhoneSimulator.Build.0 = Debug|iPhoneSimulator
		{7B69F444-AE0B-4318-8A8C-78E2CAB08EDC}.Debug|iPhoneSimulator.Deploy.0 = Debug|iPhoneSimulator
		{7B69F444-AE0B-4318-8A8C-78E2CAB08EDC}.Debug|x64.ActiveCfg = Debug|iPhone
		{7B69F444-AE0B-4318-8A8C-78E2CAB08EDC}.Debug|x64.Build.0 = Debug|iPhone
		{7B69F444-AE0B-4318-8A8C-78E2CAB08EDC}.Debug|x64.Deploy.0 = Debug|iPhone
		{7B69F444-AE0B-4318-8A8C-78E2CAB08EDC}.Debug|x86.ActiveCfg = Debug|iPhoneSimulator
		{7B69F444-AE0B-4318-8A8C-78E2CAB08EDC}.Debug|x86.Build.0 = Debug|iPhoneSimulator
		{7B69F444-AE0B-4318-8A8C-78E2CAB08EDC}.Debug|x86.Deploy.0 = Debug|iPhoneSimulator
		{7B69F444-AE0B-4318-8A8C-78E2CAB08EDC}.Release|Any CPU.ActiveCfg = Release|iPhoneSimulator
		{7B69F444-AE0B-4318-8A8C-78E2CAB08EDC}.Release|Any CPU.Build.0 = Release|iPhoneSimulator
		{7B69F444-AE0B-4318-8A8C-78E2CAB08EDC}.Release|Any CPU.Deploy.0 = Release|iPhoneSimulator
		{7B69F444-AE0B-4318-8A8C-78E2CAB08EDC}.Release|ARM.ActiveCfg = Release|iPhoneSimulator
		{7B69F444-AE0B-4318-8A8C-78E2CAB08EDC}.Release|ARM.Build.0 = Release|iPhoneSimulator
		{7B69F444-AE0B-4318-8A8C-78E2CAB08EDC}.Release|ARM.Deploy.0 = Release|iPhoneSimulator
		{7B69F444-AE0B-4318-8A8C-78E2CAB08EDC}.Release|iPhone.ActiveCfg = Release|iPhone
		{7B69F444-AE0B-4318-8A8C-78E2CAB08EDC}.Release|iPhone.Build.0 = Release|iPhone
		{7B69F444-AE0B-4318-8A8C-78E2CAB08EDC}.Release|iPhone.Deploy.0 = Release|iPhone
		{7B69F444-AE0B-4318-8A8C-78E2CAB08EDC}.Release|iPhoneSimulator.ActiveCfg = Release|iPhoneSimulator
		{7B69F444-AE0B-4318-8A8C-78E2CAB08EDC}.Release|iPhoneSimulator.Build.0 = Release|iPhoneSimulator
		{7B69F444-AE0B-4318-8A8C-78E2CAB08EDC}.Release|iPhoneSimulator.Deploy.0 = Release|iPhoneSimulator
		{7B69F444-AE0B-4318-8A8C-78E2CAB08EDC}.Release|x64.ActiveCfg = Release|iPhoneSimulator
		{7B69F444-AE0B-4318-8A8C-78E2CAB08EDC}.Release|x64.Build.0 = Release|iPhoneSimulator
		{7B69F444-AE0B-4318-8A8C-78E2CAB08EDC}.Release|x64.Deploy.0 = Release|iPhoneSimulator
		{7B69F444-AE0B-4318-8A8C-78E2CAB08EDC}.Release|x86.ActiveCfg = Release|iPhoneSimulator
		{7B69F444-AE0B-4318-8A8C-78E2CAB08EDC}.Release|x86.Build.0 = Release|iPhoneSimulator
		{7B69F444-AE0B-4318-8A8C-78E2CAB08EDC}.Release|x86.Deploy.0 = Release|iPhoneSimulator
		{251BEAF4-A3F3-4BF9-AF4F-D57CFDD3E5C6}.Debug|Any CPU.ActiveCfg = Debug|Any CPU
		{251BEAF4-A3F3-4BF9-AF4F-D57CFDD3E5C6}.Debug|Any CPU.Build.0 = Debug|Any CPU
		{251BEAF4-A3F3-4BF9-AF4F-D57CFDD3E5C6}.Debug|Any CPU.Deploy.0 = Debug|Any CPU
		{251BEAF4-A3F3-4BF9-AF4F-D57CFDD3E5C6}.Debug|ARM.ActiveCfg = Debug|Any CPU
		{251BEAF4-A3F3-4BF9-AF4F-D57CFDD3E5C6}.Debug|ARM.Build.0 = Debug|Any CPU
		{251BEAF4-A3F3-4BF9-AF4F-D57CFDD3E5C6}.Debug|ARM.Deploy.0 = Debug|Any CPU
		{251BEAF4-A3F3-4BF9-AF4F-D57CFDD3E5C6}.Debug|iPhone.ActiveCfg = Debug|Any CPU
		{251BEAF4-A3F3-4BF9-AF4F-D57CFDD3E5C6}.Debug|iPhone.Build.0 = Debug|Any CPU
		{251BEAF4-A3F3-4BF9-AF4F-D57CFDD3E5C6}.Debug|iPhone.Deploy.0 = Debug|Any CPU
		{251BEAF4-A3F3-4BF9-AF4F-D57CFDD3E5C6}.Debug|iPhoneSimulator.ActiveCfg = Debug|Any CPU
		{251BEAF4-A3F3-4BF9-AF4F-D57CFDD3E5C6}.Debug|iPhoneSimulator.Build.0 = Debug|Any CPU
		{251BEAF4-A3F3-4BF9-AF4F-D57CFDD3E5C6}.Debug|iPhoneSimulator.Deploy.0 = Debug|Any CPU
		{251BEAF4-A3F3-4BF9-AF4F-D57CFDD3E5C6}.Debug|x64.ActiveCfg = Debug|Any CPU
		{251BEAF4-A3F3-4BF9-AF4F-D57CFDD3E5C6}.Debug|x64.Build.0 = Debug|Any CPU
		{251BEAF4-A3F3-4BF9-AF4F-D57CFDD3E5C6}.Debug|x64.Deploy.0 = Debug|Any CPU
		{251BEAF4-A3F3-4BF9-AF4F-D57CFDD3E5C6}.Debug|x86.ActiveCfg = Debug|Any CPU
		{251BEAF4-A3F3-4BF9-AF4F-D57CFDD3E5C6}.Debug|x86.Build.0 = Debug|Any CPU
		{251BEAF4-A3F3-4BF9-AF4F-D57CFDD3E5C6}.Debug|x86.Deploy.0 = Debug|Any CPU
		{251BEAF4-A3F3-4BF9-AF4F-D57CFDD3E5C6}.Release|Any CPU.ActiveCfg = Release|Any CPU
		{251BEAF4-A3F3-4BF9-AF4F-D57CFDD3E5C6}.Release|Any CPU.Build.0 = Release|Any CPU
		{251BEAF4-A3F3-4BF9-AF4F-D57CFDD3E5C6}.Release|Any CPU.Deploy.0 = Release|Any CPU
		{251BEAF4-A3F3-4BF9-AF4F-D57CFDD3E5C6}.Release|ARM.ActiveCfg = Release|Any CPU
		{251BEAF4-A3F3-4BF9-AF4F-D57CFDD3E5C6}.Release|ARM.Build.0 = Release|Any CPU
		{251BEAF4-A3F3-4BF9-AF4F-D57CFDD3E5C6}.Release|ARM.Deploy.0 = Release|Any CPU
		{251BEAF4-A3F3-4BF9-AF4F-D57CFDD3E5C6}.Release|iPhone.ActiveCfg = Release|Any CPU
		{251BEAF4-A3F3-4BF9-AF4F-D57CFDD3E5C6}.Release|iPhone.Build.0 = Release|Any CPU
		{251BEAF4-A3F3-4BF9-AF4F-D57CFDD3E5C6}.Release|iPhone.Deploy.0 = Release|Any CPU
		{251BEAF4-A3F3-4BF9-AF4F-D57CFDD3E5C6}.Release|iPhoneSimulator.ActiveCfg = Release|Any CPU
		{251BEAF4-A3F3-4BF9-AF4F-D57CFDD3E5C6}.Release|iPhoneSimulator.Build.0 = Release|Any CPU
		{251BEAF4-A3F3-4BF9-AF4F-D57CFDD3E5C6}.Release|iPhoneSimulator.Deploy.0 = Release|Any CPU
		{251BEAF4-A3F3-4BF9-AF4F-D57CFDD3E5C6}.Release|x64.ActiveCfg = Release|Any CPU
		{251BEAF4-A3F3-4BF9-AF4F-D57CFDD3E5C6}.Release|x64.Build.0 = Release|Any CPU
		{251BEAF4-A3F3-4BF9-AF4F-D57CFDD3E5C6}.Release|x64.Deploy.0 = Release|Any CPU
		{251BEAF4-A3F3-4BF9-AF4F-D57CFDD3E5C6}.Release|x86.ActiveCfg = Release|Any CPU
		{251BEAF4-A3F3-4BF9-AF4F-D57CFDD3E5C6}.Release|x86.Build.0 = Release|Any CPU
		{251BEAF4-A3F3-4BF9-AF4F-D57CFDD3E5C6}.Release|x86.Deploy.0 = Release|Any CPU
	EndGlobalSection
	GlobalSection(SolutionProperties) = preSolution
		HideSolutionNode = FALSE
	EndGlobalSection
	GlobalSection(ExtensibilityGlobals) = postSolution
		SolutionGuid = {523A0970-56C0-425B-83BC-7FA617AC4DC2}
	EndGlobalSection
EndGlobal
